// !$*UTF8*$!
{
	archiveVersion = 1;
	classes = {
	};
	objectVersion = 46;
	objects = {

/* Begin PBXBuildFile section */
		E409DAC71B675C3000CE3C38 /* main.m in Sources */ = {isa = PBXBuildFile; fileRef = E409DAC61B675C3000CE3C38 /* main.m */; };
		E409DACA1B675C3000CE3C38 /* AppDelegate.m in Sources */ = {isa = PBXBuildFile; fileRef = E409DAC91B675C3000CE3C38 /* AppDelegate.m */; };
		E409DACD1B675C3000CE3C38 /* ViewController.m in Sources */ = {isa = PBXBuildFile; fileRef = E409DACC1B675C3000CE3C38 /* ViewController.m */; };
		E409DAD01B675C3000CE3C38 /* Main.storyboard in Resources */ = {isa = PBXBuildFile; fileRef = E409DACE1B675C3000CE3C38 /* Main.storyboard */; };
		E409DAD21B675C3000CE3C38 /* Images.xcassets in Resources */ = {isa = PBXBuildFile; fileRef = E409DAD11B675C3000CE3C38 /* Images.xcassets */; };
		E409DAD51B675C3000CE3C38 /* LaunchScreen.xib in Resources */ = {isa = PBXBuildFile; fileRef = E409DAD31B675C3000CE3C38 /* LaunchScreen.xib */; };
		E409DAE11B675C3000CE3C38 /* LMKitDemoTests.m in Sources */ = {isa = PBXBuildFile; fileRef = E409DAE01B675C3000CE3C38 /* LMKitDemoTests.m */; };
		E409DB141B675F1900CE3C38 /* NSArray+LM.m in Sources */ = {isa = PBXBuildFile; fileRef = E409DAF11B675F1900CE3C38 /* NSArray+LM.m */; };
		E409DB151B675F1900CE3C38 /* NSBundle+LM.m in Sources */ = {isa = PBXBuildFile; fileRef = E409DAF31B675F1900CE3C38 /* NSBundle+LM.m */; };
		E409DB161B675F1900CE3C38 /* NSDate+LM.m in Sources */ = {isa = PBXBuildFile; fileRef = E409DAF51B675F1900CE3C38 /* NSDate+LM.m */; };
		E409DB171B675F1900CE3C38 /* NSDictionary+LM.m in Sources */ = {isa = PBXBuildFile; fileRef = E409DAF71B675F1900CE3C38 /* NSDictionary+LM.m */; };
		E409DB181B675F1900CE3C38 /* NSObject+LM.m in Sources */ = {isa = PBXBuildFile; fileRef = E409DAF91B675F1900CE3C38 /* NSObject+LM.m */; };
		E409DB191B675F1900CE3C38 /* NSString+LM.m in Sources */ = {isa = PBXBuildFile; fileRef = E409DAFB1B675F1900CE3C38 /* NSString+LM.m */; };
		E409DB1A1B675F1900CE3C38 /* NSURL+LM.m in Sources */ = {isa = PBXBuildFile; fileRef = E409DAFD1B675F1900CE3C38 /* NSURL+LM.m */; };
		E409DB1B1B675F1900CE3C38 /* UIAlertView+LM.m in Sources */ = {isa = PBXBuildFile; fileRef = E409DAFF1B675F1900CE3C38 /* UIAlertView+LM.m */; };
		E409DB1C1B675F1900CE3C38 /* UIColor+LM.m in Sources */ = {isa = PBXBuildFile; fileRef = E409DB011B675F1900CE3C38 /* UIColor+LM.m */; };
		E409DB1D1B675F1900CE3C38 /* UIDevice+LM.m in Sources */ = {isa = PBXBuildFile; fileRef = E409DB031B675F1900CE3C38 /* UIDevice+LM.m */; };
		E409DB1E1B675F1900CE3C38 /* UIImage+LM.m in Sources */ = {isa = PBXBuildFile; fileRef = E409DB051B675F1900CE3C38 /* UIImage+LM.m */; };
		E409DB1F1B675F1900CE3C38 /* UIImageView+LM.m in Sources */ = {isa = PBXBuildFile; fileRef = E409DB071B675F1900CE3C38 /* UIImageView+LM.m */; };
		E409DB201B675F1900CE3C38 /* UIStoryboard+LM.m in Sources */ = {isa = PBXBuildFile; fileRef = E409DB091B675F1900CE3C38 /* UIStoryboard+LM.m */; };
		E409DB211B675F1900CE3C38 /* UITableViewCell+LM.m in Sources */ = {isa = PBXBuildFile; fileRef = E409DB0B1B675F1900CE3C38 /* UITableViewCell+LM.m */; };
		E409DB221B675F1900CE3C38 /* UITextField+LM.m in Sources */ = {isa = PBXBuildFile; fileRef = E409DB0D1B675F1900CE3C38 /* UITextField+LM.m */; };
		E409DB231B675F1900CE3C38 /* UITextView+LM.m in Sources */ = {isa = PBXBuildFile; fileRef = E409DB0F1B675F1900CE3C38 /* UITextView+LM.m */; };
		E409DB241B675F1900CE3C38 /* UIView+LM.m in Sources */ = {isa = PBXBuildFile; fileRef = E409DB111B675F1900CE3C38 /* UIView+LM.m */; };
		E409DB251B675F1900CE3C38 /* UIViewController+LM.m in Sources */ = {isa = PBXBuildFile; fileRef = E409DB131B675F1900CE3C38 /* UIViewController+LM.m */; };
		E4B81DFD1B685A7D0042CAB5 /* LMPlaceholderTextView.m in Sources */ = {isa = PBXBuildFile; fileRef = E4B81DFC1B685A7D0042CAB5 /* LMPlaceholderTextView.m */; };
		E4B81E011B685B1D0042CAB5 /* LMCountDownButton.m in Sources */ = {isa = PBXBuildFile; fileRef = E4B81E001B685B1D0042CAB5 /* LMCountDownButton.m */; };
/* End PBXBuildFile section */

/* Begin PBXContainerItemProxy section */
		E409DADB1B675C3000CE3C38 /* PBXContainerItemProxy */ = {
			isa = PBXContainerItemProxy;
			containerPortal = E409DAB91B675C3000CE3C38 /* Project object */;
			proxyType = 1;
			remoteGlobalIDString = E409DAC01B675C3000CE3C38;
			remoteInfo = LMKitDemo;
		};
/* End PBXContainerItemProxy section */

/* Begin PBXFileReference section */
		E409DAC11B675C3000CE3C38 /* LMKitDemo.app */ = {isa = PBXFileReference; explicitFileType = wrapper.application; includeInIndex = 0; path = LMKitDemo.app; sourceTree = BUILT_PRODUCTS_DIR; };
		E409DAC51B675C3000CE3C38 /* Info.plist */ = {isa = PBXFileReference; lastKnownFileType = text.plist.xml; path = Info.plist; sourceTree = "<group>"; };
		E409DAC61B675C3000CE3C38 /* main.m */ = {isa = PBXFileReference; lastKnownFileType = sourcecode.c.objc; path = main.m; sourceTree = "<group>"; };
		E409DAC81B675C3000CE3C38 /* AppDelegate.h */ = {isa = PBXFileReference; lastKnownFileType = sourcecode.c.h; path = AppDelegate.h; sourceTree = "<group>"; };
		E409DAC91B675C3000CE3C38 /* AppDelegate.m */ = {isa = PBXFileReference; lastKnownFileType = sourcecode.c.objc; path = AppDelegate.m; sourceTree = "<group>"; };
		E409DACB1B675C3000CE3C38 /* ViewController.h */ = {isa = PBXFileReference; lastKnownFileType = sourcecode.c.h; path = ViewController.h; sourceTree = "<group>"; };
		E409DACC1B675C3000CE3C38 /* ViewController.m */ = {isa = PBXFileReference; lastKnownFileType = sourcecode.c.objc; path = ViewController.m; sourceTree = "<group>"; };
		E409DACF1B675C3000CE3C38 /* Base */ = {isa = PBXFileReference; lastKnownFileType = file.storyboard; name = Base; path = Base.lproj/Main.storyboard; sourceTree = "<group>"; };
		E409DAD11B675C3000CE3C38 /* Images.xcassets */ = {isa = PBXFileReference; lastKnownFileType = folder.assetcatalog; path = Images.xcassets; sourceTree = "<group>"; };
		E409DAD41B675C3000CE3C38 /* Base */ = {isa = PBXFileReference; lastKnownFileType = file.xib; name = Base; path = Base.lproj/LaunchScreen.xib; sourceTree = "<group>"; };
		E409DADA1B675C3000CE3C38 /* LMKitDemoTests.xctest */ = {isa = PBXFileReference; explicitFileType = wrapper.cfbundle; includeInIndex = 0; path = LMKitDemoTests.xctest; sourceTree = BUILT_PRODUCTS_DIR; };
		E409DADF1B675C3000CE3C38 /* Info.plist */ = {isa = PBXFileReference; lastKnownFileType = text.plist.xml; path = Info.plist; sourceTree = "<group>"; };
		E409DAE01B675C3000CE3C38 /* LMKitDemoTests.m */ = {isa = PBXFileReference; lastKnownFileType = sourcecode.c.objc; path = LMKitDemoTests.m; sourceTree = "<group>"; };
		E409DAEC1B675E8B00CE3C38 /* LMKit.h */ = {isa = PBXFileReference; lastKnownFileType = sourcecode.c.h; path = LMKit.h; sourceTree = "<group>"; };
		E409DAEE1B675F1900CE3C38 /* LMCategory.h */ = {isa = PBXFileReference; fileEncoding = 4; lastKnownFileType = sourcecode.c.h; path = LMCategory.h; sourceTree = "<group>"; };
		E409DAF01B675F1900CE3C38 /* NSArray+LM.h */ = {isa = PBXFileReference; fileEncoding = 4; lastKnownFileType = sourcecode.c.h; path = "NSArray+LM.h"; sourceTree = "<group>"; };
		E409DAF11B675F1900CE3C38 /* NSArray+LM.m */ = {isa = PBXFileReference; fileEncoding = 4; lastKnownFileType = sourcecode.c.objc; path = "NSArray+LM.m"; sourceTree = "<group>"; };
		E409DAF21B675F1900CE3C38 /* NSBundle+LM.h */ = {isa = PBXFileReference; fileEncoding = 4; lastKnownFileType = sourcecode.c.h; path = "NSBundle+LM.h"; sourceTree = "<group>"; };
		E409DAF31B675F1900CE3C38 /* NSBundle+LM.m */ = {isa = PBXFileReference; fileEncoding = 4; lastKnownFileType = sourcecode.c.objc; path = "NSBundle+LM.m"; sourceTree = "<group>"; };
		E409DAF41B675F1900CE3C38 /* NSDate+LM.h */ = {isa = PBXFileReference; fileEncoding = 4; lastKnownFileType = sourcecode.c.h; path = "NSDate+LM.h"; sourceTree = "<group>"; };
		E409DAF51B675F1900CE3C38 /* NSDate+LM.m */ = {isa = PBXFileReference; fileEncoding = 4; lastKnownFileType = sourcecode.c.objc; path = "NSDate+LM.m"; sourceTree = "<group>"; };
		E409DAF61B675F1900CE3C38 /* NSDictionary+LM.h */ = {isa = PBXFileReference; fileEncoding = 4; lastKnownFileType = sourcecode.c.h; path = "NSDictionary+LM.h"; sourceTree = "<group>"; };
		E409DAF71B675F1900CE3C38 /* NSDictionary+LM.m */ = {isa = PBXFileReference; fileEncoding = 4; lastKnownFileType = sourcecode.c.objc; path = "NSDictionary+LM.m"; sourceTree = "<group>"; };
		E409DAF81B675F1900CE3C38 /* NSObject+LM.h */ = {isa = PBXFileReference; fileEncoding = 4; lastKnownFileType = sourcecode.c.h; path = "NSObject+LM.h"; sourceTree = "<group>"; };
		E409DAF91B675F1900CE3C38 /* NSObject+LM.m */ = {isa = PBXFileReference; fileEncoding = 4; lastKnownFileType = sourcecode.c.objc; path = "NSObject+LM.m"; sourceTree = "<group>"; };
		E409DAFA1B675F1900CE3C38 /* NSString+LM.h */ = {isa = PBXFileReference; fileEncoding = 4; lastKnownFileType = sourcecode.c.h; path = "NSString+LM.h"; sourceTree = "<group>"; };
		E409DAFB1B675F1900CE3C38 /* NSString+LM.m */ = {isa = PBXFileReference; fileEncoding = 4; lastKnownFileType = sourcecode.c.objc; path = "NSString+LM.m"; sourceTree = "<group>"; };
		E409DAFC1B675F1900CE3C38 /* NSURL+LM.h */ = {isa = PBXFileReference; fileEncoding = 4; lastKnownFileType = sourcecode.c.h; path = "NSURL+LM.h"; sourceTree = "<group>"; };
		E409DAFD1B675F1900CE3C38 /* NSURL+LM.m */ = {isa = PBXFileReference; fileEncoding = 4; lastKnownFileType = sourcecode.c.objc; path = "NSURL+LM.m"; sourceTree = "<group>"; };
		E409DAFE1B675F1900CE3C38 /* UIAlertView+LM.h */ = {isa = PBXFileReference; fileEncoding = 4; lastKnownFileType = sourcecode.c.h; path = "UIAlertView+LM.h"; sourceTree = "<group>"; };
		E409DAFF1B675F1900CE3C38 /* UIAlertView+LM.m */ = {isa = PBXFileReference; fileEncoding = 4; lastKnownFileType = sourcecode.c.objc; path = "UIAlertView+LM.m"; sourceTree = "<group>"; };
		E409DB001B675F1900CE3C38 /* UIColor+LM.h */ = {isa = PBXFileReference; fileEncoding = 4; lastKnownFileType = sourcecode.c.h; path = "UIColor+LM.h"; sourceTree = "<group>"; };
		E409DB011B675F1900CE3C38 /* UIColor+LM.m */ = {isa = PBXFileReference; fileEncoding = 4; lastKnownFileType = sourcecode.c.objc; path = "UIColor+LM.m"; sourceTree = "<group>"; };
		E409DB021B675F1900CE3C38 /* UIDevice+LM.h */ = {isa = PBXFileReference; fileEncoding = 4; lastKnownFileType = sourcecode.c.h; path = "UIDevice+LM.h"; sourceTree = "<group>"; };
		E409DB031B675F1900CE3C38 /* UIDevice+LM.m */ = {isa = PBXFileReference; fileEncoding = 4; lastKnownFileType = sourcecode.c.objc; path = "UIDevice+LM.m"; sourceTree = "<group>"; };
		E409DB041B675F1900CE3C38 /* UIImage+LM.h */ = {isa = PBXFileReference; fileEncoding = 4; lastKnownFileType = sourcecode.c.h; path = "UIImage+LM.h"; sourceTree = "<group>"; };
		E409DB051B675F1900CE3C38 /* UIImage+LM.m */ = {isa = PBXFileReference; fileEncoding = 4; lastKnownFileType = sourcecode.c.objc; path = "UIImage+LM.m"; sourceTree = "<group>"; };
		E409DB061B675F1900CE3C38 /* UIImageView+LM.h */ = {isa = PBXFileReference; fileEncoding = 4; lastKnownFileType = sourcecode.c.h; path = "UIImageView+LM.h"; sourceTree = "<group>"; };
		E409DB071B675F1900CE3C38 /* UIImageView+LM.m */ = {isa = PBXFileReference; fileEncoding = 4; lastKnownFileType = sourcecode.c.objc; path = "UIImageView+LM.m"; sourceTree = "<group>"; };
		E409DB081B675F1900CE3C38 /* UIStoryboard+LM.h */ = {isa = PBXFileReference; fileEncoding = 4; lastKnownFileType = sourcecode.c.h; path = "UIStoryboard+LM.h"; sourceTree = "<group>"; };
		E409DB091B675F1900CE3C38 /* UIStoryboard+LM.m */ = {isa = PBXFileReference; fileEncoding = 4; lastKnownFileType = sourcecode.c.objc; path = "UIStoryboard+LM.m"; sourceTree = "<group>"; };
		E409DB0A1B675F1900CE3C38 /* UITableViewCell+LM.h */ = {isa = PBXFileReference; fileEncoding = 4; lastKnownFileType = sourcecode.c.h; path = "UITableViewCell+LM.h"; sourceTree = "<group>"; };
		E409DB0B1B675F1900CE3C38 /* UITableViewCell+LM.m */ = {isa = PBXFileReference; fileEncoding = 4; lastKnownFileType = sourcecode.c.objc; path = "UITableViewCell+LM.m"; sourceTree = "<group>"; };
		E409DB0C1B675F1900CE3C38 /* UITextField+LM.h */ = {isa = PBXFileReference; fileEncoding = 4; lastKnownFileType = sourcecode.c.h; path = "UITextField+LM.h"; sourceTree = "<group>"; };
		E409DB0D1B675F1900CE3C38 /* UITextField+LM.m */ = {isa = PBXFileReference; fileEncoding = 4; lastKnownFileType = sourcecode.c.objc; path = "UITextField+LM.m"; sourceTree = "<group>"; };
		E409DB0E1B675F1900CE3C38 /* UITextView+LM.h */ = {isa = PBXFileReference; fileEncoding = 4; lastKnownFileType = sourcecode.c.h; path = "UITextView+LM.h"; sourceTree = "<group>"; };
		E409DB0F1B675F1900CE3C38 /* UITextView+LM.m */ = {isa = PBXFileReference; fileEncoding = 4; lastKnownFileType = sourcecode.c.objc; path = "UITextView+LM.m"; sourceTree = "<group>"; };
		E409DB101B675F1900CE3C38 /* UIView+LM.h */ = {isa = PBXFileReference; fileEncoding = 4; lastKnownFileType = sourcecode.c.h; path = "UIView+LM.h"; sourceTree = "<group>"; };
		E409DB111B675F1900CE3C38 /* UIView+LM.m */ = {isa = PBXFileReference; fileEncoding = 4; lastKnownFileType = sourcecode.c.objc; path = "UIView+LM.m"; sourceTree = "<group>"; };
		E409DB121B675F1900CE3C38 /* UIViewController+LM.h */ = {isa = PBXFileReference; fileEncoding = 4; lastKnownFileType = sourcecode.c.h; path = "UIViewController+LM.h"; sourceTree = "<group>"; };
		E409DB131B675F1900CE3C38 /* UIViewController+LM.m */ = {isa = PBXFileReference; fileEncoding = 4; lastKnownFileType = sourcecode.c.objc; path = "UIViewController+LM.m"; sourceTree = "<group>"; };
		E4B81DFB1B685A7D0042CAB5 /* LMPlaceholderTextView.h */ = {isa = PBXFileReference; fileEncoding = 4; lastKnownFileType = sourcecode.c.h; path = LMPlaceholderTextView.h; sourceTree = "<group>"; };
		E4B81DFC1B685A7D0042CAB5 /* LMPlaceholderTextView.m */ = {isa = PBXFileReference; fileEncoding = 4; lastKnownFileType = sourcecode.c.objc; path = LMPlaceholderTextView.m; sourceTree = "<group>"; };
		E4B81DFF1B685B1D0042CAB5 /* LMCountDownButton.h */ = {isa = PBXFileReference; fileEncoding = 4; lastKnownFileType = sourcecode.c.h; path = LMCountDownButton.h; sourceTree = "<group>"; };
		E4B81E001B685B1D0042CAB5 /* LMCountDownButton.m */ = {isa = PBXFileReference; fileEncoding = 4; lastKnownFileType = sourcecode.c.objc; path = LMCountDownButton.m; sourceTree = "<group>"; };
/* End PBXFileReference section */

/* Begin PBXFrameworksBuildPhase section */
		E409DABE1B675C3000CE3C38 /* Frameworks */ = {
			isa = PBXFrameworksBuildPhase;
			buildActionMask = 2147483647;
			files = (
			);
			runOnlyForDeploymentPostprocessing = 0;
		};
		E409DAD71B675C3000CE3C38 /* Frameworks */ = {
			isa = PBXFrameworksBuildPhase;
			buildActionMask = 2147483647;
			files = (
			);
			runOnlyForDeploymentPostprocessing = 0;
		};
/* End PBXFrameworksBuildPhase section */

/* Begin PBXGroup section */
		E409DAB81B675C3000CE3C38 = {
			isa = PBXGroup;
			children = (
				E409DAEA1B675DBF00CE3C38 /* LMKit */,
				E409DAC31B675C3000CE3C38 /* LMKitDemo */,
				E409DADD1B675C3000CE3C38 /* LMKitDemoTests */,
				E409DAC21B675C3000CE3C38 /* Products */,
			);
			sourceTree = "<group>";
		};
		E409DAC21B675C3000CE3C38 /* Products */ = {
			isa = PBXGroup;
			children = (
				E409DAC11B675C3000CE3C38 /* LMKitDemo.app */,
				E409DADA1B675C3000CE3C38 /* LMKitDemoTests.xctest */,
			);
			name = Products;
			sourceTree = "<group>";
		};
		E409DAC31B675C3000CE3C38 /* LMKitDemo */ = {
			isa = PBXGroup;
			children = (
				E409DAC81B675C3000CE3C38 /* AppDelegate.h */,
				E409DAC91B675C3000CE3C38 /* AppDelegate.m */,
				E409DACB1B675C3000CE3C38 /* ViewController.h */,
				E409DACC1B675C3000CE3C38 /* ViewController.m */,
				E409DACE1B675C3000CE3C38 /* Main.storyboard */,
				E409DAD11B675C3000CE3C38 /* Images.xcassets */,
				E409DAD31B675C3000CE3C38 /* LaunchScreen.xib */,
				E409DAC41B675C3000CE3C38 /* Supporting Files */,
			);
			path = LMKitDemo;
			sourceTree = "<group>";
		};
		E409DAC41B675C3000CE3C38 /* Supporting Files */ = {
			isa = PBXGroup;
			children = (
				E409DAC51B675C3000CE3C38 /* Info.plist */,
				E409DAC61B675C3000CE3C38 /* main.m */,
			);
			name = "Supporting Files";
			sourceTree = "<group>";
		};
		E409DADD1B675C3000CE3C38 /* LMKitDemoTests */ = {
			isa = PBXGroup;
			children = (
				E409DAE01B675C3000CE3C38 /* LMKitDemoTests.m */,
				E409DADE1B675C3000CE3C38 /* Supporting Files */,
			);
			path = LMKitDemoTests;
			sourceTree = "<group>";
		};
		E409DADE1B675C3000CE3C38 /* Supporting Files */ = {
			isa = PBXGroup;
			children = (
				E409DADF1B675C3000CE3C38 /* Info.plist */,
			);
			name = "Supporting Files";
			sourceTree = "<group>";
		};
		E409DAEA1B675DBF00CE3C38 /* LMKit */ = {
			isa = PBXGroup;
			children = (
				E409DAEC1B675E8B00CE3C38 /* LMKit.h */,
				E409DAED1B675EAD00CE3C38 /* LMCategory */,
				E4B81DFE1B685B1D0042CAB5 /* LMCountDownButton */,
				E4B81DFA1B685A7D0042CAB5 /* LMPlaceholderTextView */,
			);
			path = LMKit;
			sourceTree = "<group>";
		};
		E409DAED1B675EAD00CE3C38 /* LMCategory */ = {
			isa = PBXGroup;
			children = (
				E409DAEE1B675F1900CE3C38 /* LMCategory.h */,
				E409DAF01B675F1900CE3C38 /* NSArray+LM.h */,
				E409DAF11B675F1900CE3C38 /* NSArray+LM.m */,
				E409DAF21B675F1900CE3C38 /* NSBundle+LM.h */,
				E409DAF31B675F1900CE3C38 /* NSBundle+LM.m */,
				E409DAF41B675F1900CE3C38 /* NSDate+LM.h */,
				E409DAF51B675F1900CE3C38 /* NSDate+LM.m */,
				E409DAF61B675F1900CE3C38 /* NSDictionary+LM.h */,
				E409DAF71B675F1900CE3C38 /* NSDictionary+LM.m */,
				E409DAF81B675F1900CE3C38 /* NSObject+LM.h */,
				E409DAF91B675F1900CE3C38 /* NSObject+LM.m */,
				E409DAFA1B675F1900CE3C38 /* NSString+LM.h */,
				E409DAFB1B675F1900CE3C38 /* NSString+LM.m */,
				E409DAFC1B675F1900CE3C38 /* NSURL+LM.h */,
				E409DAFD1B675F1900CE3C38 /* NSURL+LM.m */,
				E409DAFE1B675F1900CE3C38 /* UIAlertView+LM.h */,
				E409DAFF1B675F1900CE3C38 /* UIAlertView+LM.m */,
				E409DB001B675F1900CE3C38 /* UIColor+LM.h */,
				E409DB011B675F1900CE3C38 /* UIColor+LM.m */,
				E409DB021B675F1900CE3C38 /* UIDevice+LM.h */,
				E409DB031B675F1900CE3C38 /* UIDevice+LM.m */,
				E409DB041B675F1900CE3C38 /* UIImage+LM.h */,
				E409DB051B675F1900CE3C38 /* UIImage+LM.m */,
				E409DB061B675F1900CE3C38 /* UIImageView+LM.h */,
				E409DB071B675F1900CE3C38 /* UIImageView+LM.m */,
				E409DB081B675F1900CE3C38 /* UIStoryboard+LM.h */,
				E409DB091B675F1900CE3C38 /* UIStoryboard+LM.m */,
				E409DB0A1B675F1900CE3C38 /* UITableViewCell+LM.h */,
				E409DB0B1B675F1900CE3C38 /* UITableViewCell+LM.m */,
				E409DB0C1B675F1900CE3C38 /* UITextField+LM.h */,
				E409DB0D1B675F1900CE3C38 /* UITextField+LM.m */,
				E409DB0E1B675F1900CE3C38 /* UITextView+LM.h */,
				E409DB0F1B675F1900CE3C38 /* UITextView+LM.m */,
				E409DB101B675F1900CE3C38 /* UIView+LM.h */,
				E409DB111B675F1900CE3C38 /* UIView+LM.m */,
				E409DB121B675F1900CE3C38 /* UIViewController+LM.h */,
				E409DB131B675F1900CE3C38 /* UIViewController+LM.m */,
			);
			path = LMCategory;
			sourceTree = "<group>";
		};
		E4B81DFA1B685A7D0042CAB5 /* LMPlaceholderTextView */ = {
			isa = PBXGroup;
			children = (
				E4B81DFB1B685A7D0042CAB5 /* LMPlaceholderTextView.h */,
				E4B81DFC1B685A7D0042CAB5 /* LMPlaceholderTextView.m */,
			);
			path = LMPlaceholderTextView;
			sourceTree = "<group>";
		};
		E4B81DFE1B685B1D0042CAB5 /* LMCountDownButton */ = {
			isa = PBXGroup;
			children = (
				E4B81DFF1B685B1D0042CAB5 /* LMCountDownButton.h */,
				E4B81E001B685B1D0042CAB5 /* LMCountDownButton.m */,
			);
			path = LMCountDownButton;
			sourceTree = "<group>";
		};
/* End PBXGroup section */

/* Begin PBXNativeTarget section */
		E409DAC01B675C3000CE3C38 /* LMKitDemo */ = {
			isa = PBXNativeTarget;
			buildConfigurationList = E409DAE41B675C3000CE3C38 /* Build configuration list for PBXNativeTarget "LMKitDemo" */;
			buildPhases = (
				E409DABD1B675C3000CE3C38 /* Sources */,
				E409DABE1B675C3000CE3C38 /* Frameworks */,
				E409DABF1B675C3000CE3C38 /* Resources */,
			);
			buildRules = (
			);
			dependencies = (
			);
			name = LMKitDemo;
			productName = LMKitDemo;
			productReference = E409DAC11B675C3000CE3C38 /* LMKitDemo.app */;
			productType = "com.apple.product-type.application";
		};
		E409DAD91B675C3000CE3C38 /* LMKitDemoTests */ = {
			isa = PBXNativeTarget;
			buildConfigurationList = E409DAE71B675C3000CE3C38 /* Build configuration list for PBXNativeTarget "LMKitDemoTests" */;
			buildPhases = (
				E409DAD61B675C3000CE3C38 /* Sources */,
				E409DAD71B675C3000CE3C38 /* Frameworks */,
				E409DAD81B675C3000CE3C38 /* Resources */,
			);
			buildRules = (
			);
			dependencies = (
				E409DADC1B675C3000CE3C38 /* PBXTargetDependency */,
			);
			name = LMKitDemoTests;
			productName = LMKitDemoTests;
			productReference = E409DADA1B675C3000CE3C38 /* LMKitDemoTests.xctest */;
			productType = "com.apple.product-type.bundle.unit-test";
		};
/* End PBXNativeTarget section */

/* Begin PBXProject section */
		E409DAB91B675C3000CE3C38 /* Project object */ = {
			isa = PBXProject;
			attributes = {
				LastUpgradeCheck = 0640;
				ORGANIZATIONNAME = "李蒙";
				TargetAttributes = {
					E409DAC01B675C3000CE3C38 = {
						CreatedOnToolsVersion = 6.4;
					};
					E409DAD91B675C3000CE3C38 = {
						CreatedOnToolsVersion = 6.4;
						TestTargetID = E409DAC01B675C3000CE3C38;
					};
				};
			};
			buildConfigurationList = E409DABC1B675C3000CE3C38 /* Build configuration list for PBXProject "LMKitDemo" */;
			compatibilityVersion = "Xcode 3.2";
			developmentRegion = English;
			hasScannedForEncodings = 0;
			knownRegions = (
				en,
				Base,
			);
			mainGroup = E409DAB81B675C3000CE3C38;
			productRefGroup = E409DAC21B675C3000CE3C38 /* Products */;
			projectDirPath = "";
			projectRoot = "";
			targets = (
				E409DAC01B675C3000CE3C38 /* LMKitDemo */,
				E409DAD91B675C3000CE3C38 /* LMKitDemoTests */,
			);
		};
/* End PBXProject section */

/* Begin PBXResourcesBuildPhase section */
		E409DABF1B675C3000CE3C38 /* Resources */ = {
			isa = PBXResourcesBuildPhase;
			buildActionMask = 2147483647;
			files = (
				E409DAD01B675C3000CE3C38 /* Main.storyboard in Resources */,
				E409DAD51B675C3000CE3C38 /* LaunchScreen.xib in Resources */,
				E409DAD21B675C3000CE3C38 /* Images.xcassets in Resources */,
			);
			runOnlyForDeploymentPostprocessing = 0;
		};
		E409DAD81B675C3000CE3C38 /* Resources */ = {
			isa = PBXResourcesBuildPhase;
			buildActionMask = 2147483647;
			files = (
			);
			runOnlyForDeploymentPostprocessing = 0;
		};
/* End PBXResourcesBuildPhase section */

/* Begin PBXSourcesBuildPhase section */
		E409DABD1B675C3000CE3C38 /* Sources */ = {
			isa = PBXSourcesBuildPhase;
			buildActionMask = 2147483647;
			files = (
				E409DB151B675F1900CE3C38 /* NSBundle+LM.m in Sources */,
				E409DB171B675F1900CE3C38 /* NSDictionary+LM.m in Sources */,
				E409DB1B1B675F1900CE3C38 /* UIAlertView+LM.m in Sources */,
				E4B81E011B685B1D0042CAB5 /* LMCountDownButton.m in Sources */,
				E409DB1D1B675F1900CE3C38 /* UIDevice+LM.m in Sources */,
				E409DB221B675F1900CE3C38 /* UITextField+LM.m in Sources */,
				E409DB161B675F1900CE3C38 /* NSDate+LM.m in Sources */,
				E409DACD1B675C3000CE3C38 /* ViewController.m in Sources */,
				E409DB1F1B675F1900CE3C38 /* UIImageView+LM.m in Sources */,
				E409DB201B675F1900CE3C38 /* UIStoryboard+LM.m in Sources */,
				E409DB181B675F1900CE3C38 /* NSObject+LM.m in Sources */,
				E409DB1A1B675F1900CE3C38 /* NSURL+LM.m in Sources */,
				E409DB241B675F1900CE3C38 /* UIView+LM.m in Sources */,
				E409DACA1B675C3000CE3C38 /* AppDelegate.m in Sources */,
				E409DB211B675F1900CE3C38 /* UITableViewCell+LM.m in Sources */,
				E409DB1C1B675F1900CE3C38 /* UIColor+LM.m in Sources */,
				E409DB1E1B675F1900CE3C38 /* UIImage+LM.m in Sources */,
				E409DAC71B675C3000CE3C38 /* main.m in Sources */,
				E409DB251B675F1900CE3C38 /* UIViewController+LM.m in Sources */,
				E409DB191B675F1900CE3C38 /* NSString+LM.m in Sources */,
				E409DB231B675F1900CE3C38 /* UITextView+LM.m in Sources */,
				E4B81DFD1B685A7D0042CAB5 /* LMPlaceholderTextView.m in Sources */,
				E409DB141B675F1900CE3C38 /* NSArray+LM.m in Sources */,
			);
			runOnlyForDeploymentPostprocessing = 0;
		};
		E409DAD61B675C3000CE3C38 /* Sources */ = {
			isa = PBXSourcesBuildPhase;
			buildActionMask = 2147483647;
			files = (
				E409DAE11B675C3000CE3C38 /* LMKitDemoTests.m in Sources */,
			);
			runOnlyForDeploymentPostprocessing = 0;
		};
/* End PBXSourcesBuildPhase section */

/* Begin PBXTargetDependency section */
		E409DADC1B675C3000CE3C38 /* PBXTargetDependency */ = {
			isa = PBXTargetDependency;
			target = E409DAC01B675C3000CE3C38 /* LMKitDemo */;
			targetProxy = E409DADB1B675C3000CE3C38 /* PBXContainerItemProxy */;
		};
/* End PBXTargetDependency section */

/* Begin PBXVariantGroup section */
		E409DACE1B675C3000CE3C38 /* Main.storyboard */ = {
			isa = PBXVariantGroup;
			children = (
				E409DACF1B675C3000CE3C38 /* Base */,
			);
			name = Main.storyboard;
			sourceTree = "<group>";
		};
		E409DAD31B675C3000CE3C38 /* LaunchScreen.xib */ = {
			isa = PBXVariantGroup;
			children = (
				E409DAD41B675C3000CE3C38 /* Base */,
			);
			name = LaunchScreen.xib;
			sourceTree = "<group>";
		};
/* End PBXVariantGroup section */

/* Begin XCBuildConfiguration section */
		E409DAE21B675C3000CE3C38 /* Debug */ = {
			isa = XCBuildConfiguration;
			buildSettings = {
				ALWAYS_SEARCH_USER_PATHS = NO;
				CLANG_CXX_LANGUAGE_STANDARD = "gnu++0x";
				CLANG_CXX_LIBRARY = "libc++";
				CLANG_ENABLE_MODULES = YES;
				CLANG_ENABLE_OBJC_ARC = YES;
				CLANG_WARN_BOOL_CONVERSION = YES;
				CLANG_WARN_CONSTANT_CONVERSION = YES;
				CLANG_WARN_DIRECT_OBJC_ISA_USAGE = YES_ERROR;
				CLANG_WARN_EMPTY_BODY = YES;
				CLANG_WARN_ENUM_CONVERSION = YES;
				CLANG_WARN_INT_CONVERSION = YES;
				CLANG_WARN_OBJC_ROOT_CLASS = YES_ERROR;
				CLANG_WARN_UNREACHABLE_CODE = YES;
				CLANG_WARN__DUPLICATE_METHOD_MATCH = YES;
				"CODE_SIGN_IDENTITY[sdk=iphoneos*]" = "iPhone Developer";
				COPY_PHASE_STRIP = NO;
				DEBUG_INFORMATION_FORMAT = "dwarf-with-dsym";
				ENABLE_STRICT_OBJC_MSGSEND = YES;
				GCC_C_LANGUAGE_STANDARD = gnu99;
				GCC_DYNAMIC_NO_PIC = NO;
				GCC_NO_COMMON_BLOCKS = YES;
				GCC_OPTIMIZATION_LEVEL = 0;
				GCC_PREPROCESSOR_DEFINITIONS = (
					"DEBUG=1",
					"$(inherited)",
				);
				GCC_SYMBOLS_PRIVATE_EXTERN = NO;
				GCC_WARN_64_TO_32_BIT_CONVERSION = YES;
				GCC_WARN_ABOUT_RETURN_TYPE = YES_ERROR;
				GCC_WARN_UNDECLARED_SELECTOR = YES;
				GCC_WARN_UNINITIALIZED_AUTOS = YES_AGGRESSIVE;
				GCC_WARN_UNUSED_FUNCTION = YES;
				GCC_WARN_UNUSED_VARIABLE = YES;
				IPHONEOS_DEPLOYMENT_TARGET = 7.0;
				MTL_ENABLE_DEBUG_INFO = YES;
				ONLY_ACTIVE_ARCH = YES;
				SDKROOT = iphoneos;
				TARGETED_DEVICE_FAMILY = "1,2";
			};
			name = Debug;
		};
		E409DAE31B675C3000CE3C38 /* Release */ = {
			isa = XCBuildConfiguration;
			buildSettings = {
				ALWAYS_SEARCH_USER_PATHS = NO;
				CLANG_CXX_LANGUAGE_STANDARD = "gnu++0x";
				CLANG_CXX_LIBRARY = "libc++";
				CLANG_ENABLE_MODULES = YES;
				CLANG_ENABLE_OBJC_ARC = YES;
				CLANG_WARN_BOOL_CONVERSION = YES;
				CLANG_WARN_CONSTANT_CONVERSION = YES;
				CLANG_WARN_DIRECT_OBJC_ISA_USAGE = YES_ERROR;
				CLANG_WARN_EMPTY_BODY = YES;
				CLANG_WARN_ENUM_CONVERSION = YES;
				CLANG_WARN_INT_CONVERSION = YES;
				CLANG_WARN_OBJC_ROOT_CLASS = YES_ERROR;
				CLANG_WARN_UNREACHABLE_CODE = YES;
				CLANG_WARN__DUPLICATE_METHOD_MATCH = YES;
				"CODE_SIGN_IDENTITY[sdk=iphoneos*]" = "iPhone Developer";
				COPY_PHASE_STRIP = NO;
				DEBUG_INFORMATION_FORMAT = "dwarf-with-dsym";
				ENABLE_NS_ASSERTIONS = NO;
				ENABLE_STRICT_OBJC_MSGSEND = YES;
				GCC_C_LANGUAGE_STANDARD = gnu99;
				GCC_NO_COMMON_BLOCKS = YES;
				GCC_WARN_64_TO_32_BIT_CONVERSION = YES;
				GCC_WARN_ABOUT_RETURN_TYPE = YES_ERROR;
				GCC_WARN_UNDECLARED_SELECTOR = YES;
				GCC_WARN_UNINITIALIZED_AUTOS = YES_AGGRESSIVE;
				GCC_WARN_UNUSED_FUNCTION = YES;
				GCC_WARN_UNUSED_VARIABLE = YES;
				IPHONEOS_DEPLOYMENT_TARGET = 7.0;
				MTL_ENABLE_DEBUG_INFO = NO;
				SDKROOT = iphoneos;
				TARGETED_DEVICE_FAMILY = "1,2";
				VALIDATE_PRODUCT = YES;
			};
			name = Release;
		};
		E409DAE51B675C3000CE3C38 /* Debug */ = {
			isa = XCBuildConfiguration;
			buildSettings = {
				ASSETCATALOG_COMPILER_APPICON_NAME = AppIcon;
				ASSETCATALOG_COMPILER_LAUNCHIMAGE_NAME = LaunchImage;
				INFOPLIST_FILE = LMKitDemo/Info.plist;
				LD_RUNPATH_SEARCH_PATHS = "$(inherited) @executable_path/Frameworks";
				PRODUCT_NAME = "$(TARGET_NAME)";
			};
			name = Debug;
		};
		E409DAE61B675C3000CE3C38 /* Release */ = {
			isa = XCBuildConfiguration;
			buildSettings = {
				ASSETCATALOG_COMPILER_APPICON_NAME = AppIcon;
				ASSETCATALOG_COMPILER_LAUNCHIMAGE_NAME = LaunchImage;
				INFOPLIST_FILE = LMKitDemo/Info.plist;
				LD_RUNPATH_SEARCH_PATHS = "$(inherited) @executable_path/Frameworks";
				PRODUCT_NAME = "$(TARGET_NAME)";
			};
			name = Release;
		};
		E409DAE81B675C3000CE3C38 /* Debug */ = {
			isa = XCBuildConfiguration;
			buildSettings = {
				BUNDLE_LOADER = "$(TEST_HOST)";
				FRAMEWORK_SEARCH_PATHS = (
					"$(SDKROOT)/Developer/Library/Frameworks",
					"$(inherited)",
				);
				GCC_PREPROCESSOR_DEFINITIONS = (
					"DEBUG=1",
					"$(inherited)",
				);
				INFOPLIST_FILE = LMKitDemoTests/Info.plist;
				LD_RUNPATH_SEARCH_PATHS = "$(inherited) @executable_path/Frameworks @loader_path/Frameworks";
				PRODUCT_NAME = "$(TARGET_NAME)";
				TEST_HOST = "$(BUILT_PRODUCTS_DIR)/LMKitDemo.app/LMKitDemo";
			};
			name = Debug;
		};
		E409DAE91B675C3000CE3C38 /* Release */ = {
			isa = XCBuildConfiguration;
			buildSettings = {
				BUNDLE_LOADER = "$(TEST_HOST)";
				FRAMEWORK_SEARCH_PATHS = (
					"$(SDKROOT)/Developer/Library/Frameworks",
					"$(inherited)",
				);
				INFOPLIST_FILE = LMKitDemoTests/Info.plist;
				LD_RUNPATH_SEARCH_PATHS = "$(inherited) @executable_path/Frameworks @loader_path/Frameworks";
				PRODUCT_NAME = "$(TARGET_NAME)";
				TEST_HOST = "$(BUILT_PRODUCTS_DIR)/LMKitDemo.app/LMKitDemo";
			};
			name = Release;
		};
/* End XCBuildConfiguration section */

/* Begin XCConfigurationList section */
		E409DABC1B675C3000CE3C38 /* Build configuration list for PBXProject "LMKitDemo" */ = {
			isa = XCConfigurationList;
			buildConfigurations = (
				E409DAE21B675C3000CE3C38 /* Debug */,
				E409DAE31B675C3000CE3C38 /* Release */,
			);
			defaultConfigurationIsVisible = 0;
			defaultConfigurationName = Release;
		};
		E409DAE41B675C3000CE3C38 /* Build configuration list for PBXNativeTarget "LMKitDemo" */ = {
			isa = XCConfigurationList;
			buildConfigurations = (
				E409DAE51B675C3000CE3C38 /* Debug */,
				E409DAE61B675C3000CE3C38 /* Release */,
			);
			defaultConfigurationIsVisible = 0;
			defaultConfigurationName = Release;
		};
		E409DAE71B675C3000CE3C38 /* Build configuration list for PBXNativeTarget "LMKitDemoTests" */ = {
			isa = XCConfigurationList;
			buildConfigurations = (
				E409DAE81B675C3000CE3C38 /* Debug */,
				E409DAE91B675C3000CE3C38 /* Release */,
			);
			defaultConfigurationIsVisible = 0;
			defaultConfigurationName = Release;
		};
/* End XCConfigurationList section */
	};
	rootObject = E409DAB91B675C3000CE3C38 /* Project object */;
}
